
Microsoft Visual Studio Solution File, Format Version 12.00
# Visual Studio 15
VisualStudioVersion = 15.0.27428.2011
MinimumVisualStudioVersion = 10.0.40219.1
Project("{8BC9CEB8-8B4A-11D0-8D11-00A0C91BC942}") = "Ex01", "Ex01\Ex01.vcxproj", "{66150C72-35A5-402F-897B-D4EB94EED067}"
EndProject
Project("{8BC9CEB8-8B4A-11D0-8D11-00A0C91BC942}") = "ExD2_1", "ExD2_1\ExD2_1.vcxproj", "{7AFE8314-D5E6-4DC9-B5A9-26B36EA7B8B1}"
EndProject
Project("{8BC9CEB8-8B4A-11D0-8D11-00A0C91BC942}") = "ExD2_2", "ExD2_2\ExD2_2.vcxproj", "{5792867B-64BB-433E-9170-1D0959D97A82}"
EndProject
Project("{8BC9CEB8-8B4A-11D0-8D11-00A0C91BC942}") = "ExD3_2", "ExD3_2\ExD3_2.vcxproj", "{7B642EA7-714F-4FA1-848E-089B6108881F}"
EndProject
Project("{8BC9CEB8-8B4A-11D0-8D11-00A0C91BC942}") = "ExD4_2", "ExD4_2\ExD4_2.vcxproj", "{5572A32F-6E43-4854-B0C4-76BBE11BB350}"
EndProject
Global
	GlobalSection(SolutionConfigurationPlatforms) = preSolution
		Debug|x64 = Debug|x64
		Debug|x86 = Debug|x86
		Release|x64 = Release|x64
		Release|x86 = Release|x86
	EndGlobalSection
	GlobalSection(ProjectConfigurationPlatforms) = postSolution
		{66150C72-35A5-402F-897B-D4EB94EED067}.Debug|x64.ActiveCfg = Debug|x64
		{66150C72-35A5-402F-897B-D4EB94EED067}.Debug|x64.Build.0 = Debug|x64
		{66150C72-35A5-402F-897B-D4EB94EED067}.Debug|x86.ActiveCfg = Debug|Win32
		{66150C72-35A5-402F-897B-D4EB94EED067}.Debug|x86.Build.0 = Debug|Win32
		{66150C72-35A5-402F-897B-D4EB94EED067}.Release|x64.ActiveCfg = Release|x64
		{66150C72-35A5-402F-897B-D4EB94EED067}.Release|x64.Build.0 = Release|x64
		{66150C72-35A5-402F-897B-D4EB94EED067}.Release|x86.ActiveCfg = Debug|Win32
		{66150C72-35A5-402F-897B-D4EB94EED067}.Release|x86.Build.0 = Debug|Win32
		{7AFE8314-D5E6-4DC9-B5A9-26B36EA7B8B1}.Debug|x64.ActiveCfg = Debug|x64
		{7AFE8314-D5E6-4DC9-B5A9-26B36EA7B8B1}.Debug|x64.Build.0 = Debug|x64
		{7AFE8314-D5E6-4DC9-B5A9-26B36EA7B8B1}.Debug|x86.ActiveCfg = Debug|Win32
		{7AFE8314-D5E6-4DC9-B5A9-26B36EA7B8B1}.Debug|x86.Build.0 = Debug|Win32
		{7AFE8314-D5E6-4DC9-B5A9-26B36EA7B8B1}.Release|x64.ActiveCfg = Release|x64
		{7AFE8314-D5E6-4DC9-B5A9-26B36EA7B8B1}.Release|x64.Build.0 = Release|x64
		{7AFE8314-D5E6-4DC9-B5A9-26B36EA7B8B1}.Release|x86.ActiveCfg = Debug|Win32
		{7AFE8314-D5E6-4DC9-B5A9-26B36EA7B8B1}.Release|x86.Build.0 = Debug|Win32
		{5792867B-64BB-433E-9170-1D0959D97A82}.Debug|x64.ActiveCfg = Debug|x64
		{5792867B-64BB-433E-9170-1D0959D97A82}.Debug|x64.Build.0 = Debug|x64
		{5792867B-64BB-433E-9170-1D0959D97A82}.Debug|x86.ActiveCfg = Debug|Win32
		{5792867B-64BB-433E-9170-1D0959D97A82}.Debug|x86.Build.0 = Debug|Win32
		{5792867B-64BB-433E-9170-1D0959D97A82}.Release|x64.ActiveCfg = Release|x64
		{5792867B-64BB-433E-9170-1D0959D97A82}.Release|x64.Build.0 = Release|x64
		{5792867B-64BB-433E-9170-1D0959D97A82}.Release|x86.ActiveCfg = Release|Win32
		{5792867B-64BB-433E-9170-1D0959D97A82}.Release|x86.Build.0 = Release|Win32
		{7B642EA7-714F-4FA1-848E-089B6108881F}.Debug|x64.ActiveCfg = Debug|x64
		{7B642EA7-714F-4FA1-848E-089B6108881F}.Debug|x64.Build.0 = Debug|x64
		{7B642EA7-714F-4FA1-848E-089B6108881F}.Debug|x86.ActiveCfg = Debug|Win32
		{7B642EA7-714F-4FA1-848E-089B6108881F}.Debug|x86.Build.0 = Debug|Win32
		{7B642EA7-714F-4FA1-848E-089B6108881F}.Release|x64.ActiveCfg = Release|x64
		{7B642EA7-714F-4FA1-848E-089B6108881F}.Release|x64.Build.0 = Release|x64
		{7B642EA7-714F-4FA1-848E-089B6108881F}.Release|x86.ActiveCfg = Release|Win32
		{7B642EA7-714F-4FA1-848E-089B6108881F}.Release|x86.Build.0 = Release|Win32
		{5572A32F-6E43-4854-B0C4-76BBE11BB350}.Debug|x64.ActiveCfg = Debug|x64
		{5572A32F-6E43-4854-B0C4-76BBE11BB350}.Debug|x64.Build.0 = Debug|x64
		{5572A32F-6E43-4854-B0C4-76BBE11BB350}.Debug|x86.ActiveCfg = Debug|Win32
		{5572A32F-6E43-4854-B0C4-76BBE11BB350}.Debug|x86.Build.0 = Debug|Win32
		{5572A32F-6E43-4854-B0C4-76BBE11BB350}.Release|x64.ActiveCfg = Release|x64
		{5572A32F-6E43-4854-B0C4-76BBE11BB350}.Release|x64.Build.0 = Release|x64
		{5572A32F-6E43-4854-B0C4-76BBE11BB350}.Release|x86.ActiveCfg = Release|Win32
		{5572A32F-6E43-4854-B0C4-76BBE11BB350}.Release|x86.Build.0 = Release|Win32
	EndGlobalSection
	GlobalSection(SolutionProperties) = preSolution
		HideSolutionNode = FALSE
	EndGlobalSection
	GlobalSection(ExtensibilityGlobals) = postSolution
		SolutionGuid = {F32228BF-94AD-4F4E-8387-07F076920F2D}
	EndGlobalSection
EndGlobal
